#MicroXplorer Configuration settings - do not modify
Mcu.Family=STM32F4
ProjectManager.MainLocation=Core/Src
PA6.Mode=Full_Duplex_Master
RCC.CortexFreq_Value=96000000
NVIC.CAN2_RX0_IRQn=true\:3\:0\:true\:false\:true\:true\:true
ProjectManager.KeepUserCode=true
Mcu.UserName=STM32F423RHTx
SPI1.VirtualType=VM_MASTER
PB10.GPIO_PuPd=GPIO_PULLDOWN
NVIC.TIM6_DAC_IRQn=true\:0\:0\:false\:false\:true\:true\:true
VP_FATFS_VS_SDIO.Mode=SDIO
CAN2.CalculateTimeBit=1000.00
RCC.PLLCLKFreq_Value=96000000
PB14.GPIO_Label=CAN3_STBY
RCC.PLLQCLKFreq_Value=48000000
PC5.Locked=true
ProjectManager.functionlistsort=1-MX_GPIO_Init-GPIO-false-HAL-true,2-SystemClock_Config-RCC-false-HAL-false,3-MX_CAN1_Init-CAN1-false-HAL-true,4-MX_CAN2_Init-CAN2-false-HAL-true,5-MX_CAN3_Init-CAN3-false-HAL-true,6-MX_SDIO_SD_Init-SDIO-false-HAL-true,7-MX_SPI1_Init-SPI1-false-HAL-true,8-MX_FATFS_Init-FATFS-false-HAL-false,9-MX_TIM6_Init-TIM6-false-HAL-true
PA9.GPIOParameters=GPIO_PuPd
PA3.GPIOParameters=GPIO_Label
PC9.Locked=true
RCC.PLLI2SRCLKFreq_Value=48000000
PD2.Locked=true
PD2.GPIOParameters=GPIO_PuPd
PB15.Signal=SDIO_CK
PB13.Signal=CAN2_TX
PinOutPanel.RotationAngle=0
RCC.SYSCLKSource=RCC_SYSCLKSOURCE_PLLCLK
ProjectManager.StackSize=0x400
Mcu.IP4=NVIC
Mcu.IP5=RCC
RCC.FCLKCortexFreq_Value=96000000
Mcu.IP2=CAN3
NVIC.SVCall_IRQn=true\:0\:0\:false\:false\:true\:false\:false
Mcu.IP3=FATFS
PC11.GPIO_PuPd=GPIO_PULLUP
Mcu.IP0=CAN1
Mcu.IP1=CAN2
Mcu.UserConstants=
PH0\ -\ OSC_IN.Signal=RCC_OSC_IN
VP_FATFS_VS_SDIO.Signal=FATFS_VS_SDIO
PH0\ -\ OSC_IN.Locked=true
Mcu.ThirdPartyNb=0
RCC.SDIOFreq_Value=48000000
SPI1.Direction=SPI_DIRECTION_2LINES
RCC.HCLKFreq_Value=96000000
Mcu.IPNb=10
ProjectManager.PreviousToolchain=
RCC.APB2TimFreq_Value=96000000
SDIO.IPParameters=ClockDiv
RCC.SAI1BFreq_Value=8000000
RCC.PLLRoutputFreq_Value=96000000
SPI1.CalculateBaudRate=24.0 MBits/s
Mcu.Pin6=PA6
Mcu.Pin7=PA7
Mcu.Pin8=PC4
Mcu.Pin9=PC5
RCC.AHBFreq_Value=96000000
PB13.Locked=true
Mcu.Pin0=PH0 - OSC_IN
Mcu.Pin1=PH1 - OSC_OUT
GPIO.groupedBy=Group By Peripherals
Mcu.Pin2=PC2
Mcu.Pin3=PA3
Mcu.Pin4=PA4
Mcu.Pin5=PA5
CAN3.BS1=CAN_BS1_6TQ
ProjectManager.ProjectBuild=false
RCC.HSE_VALUE=8000000
NVIC.UsageFault_IRQn=true\:0\:0\:false\:false\:true\:false\:false
NVIC.DebugMonitor_IRQn=true\:0\:0\:false\:false\:true\:false\:false
PB3.Mode=Trace_Asynchronous_SW
PA8.Locked=true
PA4.Locked=true
PA15.Mode=CAN_Activate
NVIC.SysTick_IRQn=true\:0\:0\:false\:false\:true\:false\:true
RCC.DFSDM2Freq_Value=48000000
ProjectManager.FirmwarePackage=STM32Cube FW_F4 V1.25.2
MxDb.Version=DB.6.0.10
CAN3.Prescaler=6
ProjectManager.BackupPrevious=false
RCC.VCOInputFreq_Value=1000000
PC4.GPIO_Label=CLEAR_TO_SEND_AS10
PA14.Mode=Trace_Asynchronous_SW
CAN2.Prescaler=6
File.Version=6
PB7.Signal=GPIO_Output
CAN3.IPParameters=CalculateTimeQuantum,CalculateTimeBit,CalculateBaudRate,Prescaler,BS1
PB8.Locked=true
PA8.Signal=CAN3_RX
RCC.PLLRCLKFreq_Value=96000000
NVIC.PendSV_IRQn=true\:0\:0\:false\:false\:true\:false\:false
CAN3.CalculateTimeQuantum=125.0
TIM6.Period=1000 - 1
ProjectManager.HalAssertFull=false
ProjectManager.ProjectName=IFC_F423
PB7.GPIO_Label=CAN1_STBY
RCC.MCO2PinFreq_Value=96000000
PC8.GPIOParameters=GPIO_PuPd
CAN1.Prescaler=6
Mcu.Package=LQFP64
PB9.Signal=CAN1_TX
PB14.GPIO_PuPd=GPIO_PULLDOWN
PA6.Signal=SPI1_MISO
PB12.Mode=CAN_Activate
PA7.Locked=true
PA5.Locked=true
CAN2.BS1=CAN_BS1_6TQ
RCC.I2S2Freq_Value=48000000
NVIC.CAN3_RX0_IRQn=true\:3\:0\:true\:false\:true\:true\:true
RCC.SAI1AFreq_Value=8000000
PA14.Locked=true
ProjectManager.ToolChainLocation=
VP_SYS_VS_Systick.Signal=SYS_VS_Systick
SH.GPXTI5.ConfNb=1
PA15.Signal=CAN3_TX
RCC.DFSDMFreq_Value=48000000
PB14.GPIOParameters=GPIO_PuPd,GPIO_Label
RCC.APB2CLKDivider=RCC_HCLK_DIV2
RCC.APB1TimFreq_Value=96000000
NVIC.BusFault_IRQn=true\:0\:0\:false\:false\:true\:false\:false
PC4.Locked=true
PC5.Signal=GPXTI5
RCC.DFSDM2AudioFreq_Value=48000000
PB13.Mode=CAN_Activate
PB10.GPIOParameters=GPIO_PuPd,GPIO_Label
RCC.DFSDMAudioFreq_Value=48000000
RCC.LPTimerFreq_Value=48000000
CAN1.CalculateTimeBit=1000.00
PA4.GPIO_Label=CS_AS10
PC2.GPIO_Label=ORANGE_LED
ProjectManager.CustomerFirmwarePackage=
PC4.GPIOParameters=GPIO_Label
PB15.Locked=true
PB3.Locked=true
PA3.Signal=GPIO_Output
CAN1.CalculateTimeQuantum=125.0
PA5.Mode=Full_Duplex_Master
PB7.GPIO_PuPd=GPIO_PULLDOWN
RCC.PLLSourceVirtual=RCC_PLLSOURCE_HSE
CAN2.CalculateBaudRate=1000000
SH.GPXTI5.0=GPIO_EXTI5
RCC.PLLQoutputFreq_Value=48000000
ProjectManager.ProjectFileName=IFC_F423.ioc
PA7.Mode=Full_Duplex_Master
Mcu.PinsNb=31
PD2.GPIO_PuPd=GPIO_PULLUP
ProjectManager.NoMain=false
PC11.Locked=true
SPI1.IPParameters=VirtualType,Mode,Direction,CalculateBaudRate
PC11.Signal=SDIO_D3
CAN1.IPParameters=CalculateTimeQuantum,CalculateTimeBit,CalculateBaudRate,Prescaler,BS1
RCC.FMPI2C1Freq_Value=48000000
CAN1.CalculateBaudRate=1000000
CAN2.IPParameters=CalculateTimeQuantum,CalculateTimeBit,CalculateBaudRate,Prescaler,BS1
RCC.VCOI2SInputFreq_Value=500000
PC8.Signal=SDIO_D0
PH1\ -\ OSC_OUT.Mode=HSE-External-Oscillator
TIM6.Prescaler=96 -1
PC4.Signal=GPIO_Input
PC2.Signal=GPIO_Output
VP_TIM6_VS_ClockSourceINT.Mode=Enable_Timer
ProjectManager.DefaultFWLocation=true
PB12.Locked=true
ProjectManager.DeletePrevious=true
PB14.Locked=true
RCC.APB1CLKDivider=RCC_HCLK_DIV2
PB10.Locked=true
PC11.GPIOParameters=GPIO_PuPd
PA9.GPIO_PuPd=GPIO_PULLUP
PH1\ -\ OSC_OUT.Locked=true
RCC.FamilyName=M
VP_TIM6_VS_ClockSourceINT.Signal=TIM6_VS_ClockSourceINT
FATFS.IPParameters=_MAX_SS
PA13.Signal=SYS_JTMS-SWDIO
PA15.Locked=true
PH0\ -\ OSC_IN.Mode=HSE-External-Oscillator
TIM6.IPParameters=Period,Prescaler
CAN1.BS1=CAN_BS1_6TQ
ProjectManager.TargetToolchain=STM32CubeIDE
PB10.GPIO_Label=CAN2_STBY
PB7.GPIOParameters=GPIO_PuPd,GPIO_Label
PC5.GPIOParameters=GPIO_Label
PB9.Mode=CAN_Activate
PA9.Signal=SDIO_D2
RCC.I2S1Freq_Value=48000000
PB9.Locked=true
PC2.Locked=true
ProjectManager.RegisterCallBack=
RCC.USBFreq_Value=48000000
SDIO.ClockDiv=15
CAN3.CalculateBaudRate=1000000
PB10.Signal=GPIO_Output
RCC.VCOI2SOutputFreq_Value=96000000
PD2.Mode=SD_1_bit
PB14.Signal=GPIO_Output
PA5.Signal=SPI1_SCK
PH1\ -\ OSC_OUT.Signal=RCC_OSC_OUT
board=custom
RCC.VCOOutputFreq_Value=192000000
ProjectManager.LastFirmware=true
PB15.Mode=SD_1_bit
CAN3.CalculateTimeBit=1000.00
RCC.APB2Freq_Value=48000000
MxCube.Version=6.1.1
SPI1.Mode=SPI_MODE_MASTER
RCC.RNGFreq_Value=48000000
PC2.GPIOParameters=GPIO_Label
Mcu.Pin30=VP_TIM6_VS_ClockSourceINT
VP_SYS_VS_Systick.Mode=SysTick
CAN2.CalculateTimeQuantum=125.0
PC9.GPIO_PuPd=GPIO_PULLUP
PA9.Locked=true
NVIC.NonMaskableInt_IRQn=true\:0\:0\:false\:false\:true\:false\:false
PA4.GPIOParameters=GPIO_Label
PA13.Mode=Trace_Asynchronous_SW
ProjectManager.FreePins=false
RCC.IPParameters=AHBFreq_Value,APB1CLKDivider,APB1Freq_Value,APB1TimFreq_Value,APB2CLKDivider,APB2Freq_Value,APB2TimFreq_Value,CortexFreq_Value,DFSDM2AudioFreq_Value,DFSDM2Freq_Value,DFSDMAudioFreq_Value,DFSDMFreq_Value,FCLKCortexFreq_Value,FMPI2C1Freq_Value,FamilyName,HCLKFreq_Value,HSE_VALUE,I2S1Freq_Value,I2S2Freq_Value,LPTimerFreq_Value,MCO2PinFreq_Value,PLLCLKFreq_Value,PLLI2SQCLKFreq_Value,PLLI2SRCLKFreq_Value,PLLM,PLLQ,PLLQCLKFreq_Value,PLLQoutputFreq_Value,PLLRCLKFreq_Value,PLLRoutputFreq_Value,PLLSourceVirtual,PWRFreq_Value,RNGFreq_Value,SAI1AFreq_Value,SAI1BFreq_Value,SDIOFreq_Value,SYSCLKFreq_VALUE,SYSCLKSource,USBFreq_Value,VCOI2SInputFreq_Value,VCOI2SOutputFreq_Value,VCOInputFreq_Value,VCOOutputFreq_Value
PC9.GPIOParameters=GPIO_PuPd
ProjectManager.AskForMigrate=true
Mcu.Name=STM32F423RHTx
RCC.PLLI2SQCLKFreq_Value=48000000
Mcu.Pin26=PB8
Mcu.Pin27=PB9
Mcu.Pin24=PB3
ProjectManager.UnderRoot=true
Mcu.Pin25=PB7
FATFS._MAX_SS=4096
Mcu.IP8=SYS
Mcu.IP9=TIM6
Mcu.Pin28=VP_FATFS_VS_SDIO
Mcu.IP6=SDIO
PC8.Mode=SD_1_bit
Mcu.Pin29=VP_SYS_VS_Systick
Mcu.IP7=SPI1
ProjectManager.CoupleFile=true
PC8.GPIO_PuPd=GPIO_PULLUP
PB3.Signal=SYS_JTDO-SWO
PA4.Signal=GPIO_Output
RCC.SYSCLKFreq_VALUE=96000000
Mcu.Pin22=PC11
Mcu.Pin23=PD2
Mcu.Pin20=PA14
PA3.Locked=true
Mcu.Pin21=PA15
NVIC.ForceEnableDMAVector=true
KeepUserPlacement=false
PC5.GPIO_Label=INTERRUPT_AS10
NVIC.MemoryManagement_IRQn=true\:0\:0\:false\:false\:true\:false\:false
PA13.Locked=true
ProjectManager.CompilerOptimize=6
PA14.Signal=SYS_JTCK-SWCLK
ProjectManager.HeapSize=0x200
Mcu.Pin15=PC8
NVIC.HardFault_IRQn=true\:0\:0\:false\:false\:true\:false\:false
Mcu.Pin16=PC9
Mcu.Pin13=PB14
Mcu.Pin14=PB15
Mcu.Pin19=PA13
ProjectManager.ComputerToolchain=false
Mcu.Pin17=PA8
Mcu.Pin18=PA9
RCC.PLLQ=4
NVIC.PriorityGroup=NVIC_PRIORITYGROUP_4
Mcu.Pin11=PB12
Mcu.Pin12=PB13
RCC.PLLM=8
PB8.Mode=CAN_Activate
Mcu.Pin10=PB10
PB7.Locked=true
PB8.Signal=CAN1_RX
RCC.PWRFreq_Value=96000000
PC8.Locked=true
PA8.Mode=CAN_Activate
PC9.Signal=SDIO_D1
PD2.Signal=SDIO_CMD
RCC.APB1Freq_Value=48000000
ProjectManager.DeviceId=STM32F423RHTx
PB12.Signal=CAN2_RX
ProjectManager.LibraryCopy=1
NVIC.CAN1_RX0_IRQn=true\:3\:0\:true\:false\:true\:true\:true
PA3.GPIO_Label=SHUTDOWN_AS10
PA7.Signal=SPI1_MOSI
PA6.Locked=true
isbadioc=false
